
Microsoft Visual Studio Solution File, Format Version 12.00
# Visual Studio Version 16
VisualStudioVersion = 16.0.30309.148
MinimumVisualStudioVersion = 15.0.26124.0
Project("{2150E333-8FDC-42A3-9474-1A3956D46DE8}") = "src", "src", "{5D196596-756D-45C2-8A05-C8E4AB8A36E6}"
EndProject
Project("{9A19103F-16F7-4668-BE54-9A1E7A4F7556}") = "dotnetCampus.Win32ProcessCommandViewer", "src\dotnetCampus.Win32ProcessCommandViewer\dotnetCampus.Win32ProcessCommandViewer.csproj", "{F7ED61F4-920C-49EB-8DC1-74B2BE6AF272}"
EndProject
Project("{FAE04EC0-301F-11D3-BF4B-00C04F79EFBC}") = "dotnetCampus.Win32ProcessCommandViewer.Tool", "src\dotnetCampus.Win32ProcessCommandViewer.Tool\dotnetCampus.Win32ProcessCommandViewer.Tool.csproj", "{A59E3B6A-4051-45F8-BF80-226524893789}"
EndProject
Global
	GlobalSection(SolutionConfigurationPlatforms) = preSolution
		Debug|Any CPU = Debug|Any CPU
		Debug|x64 = Debug|x64
		Debug|x86 = Debug|x86
		Release|Any CPU = Release|Any CPU
		Release|x64 = Release|x64
		Release|x86 = Release|x86
	EndGlobalSection
	GlobalSection(ProjectConfigurationPlatforms) = postSolution
		{F7ED61F4-920C-49EB-8DC1-74B2BE6AF272}.Debug|Any CPU.ActiveCfg = Debug|Any CPU
		{F7ED61F4-920C-49EB-8DC1-74B2BE6AF272}.Debug|Any CPU.Build.0 = Debug|Any CPU
		{F7ED61F4-920C-49EB-8DC1-74B2BE6AF272}.Debug|x64.ActiveCfg = Debug|Any CPU
		{F7ED61F4-920C-49EB-8DC1-74B2BE6AF272}.Debug|x64.Build.0 = Debug|Any CPU
		{F7ED61F4-920C-49EB-8DC1-74B2BE6AF272}.Debug|x86.ActiveCfg = Debug|Any CPU
		{F7ED61F4-920C-49EB-8DC1-74B2BE6AF272}.Debug|x86.Build.0 = Debug|Any CPU
		{F7ED61F4-920C-49EB-8DC1-74B2BE6AF272}.Release|Any CPU.ActiveCfg = Release|Any CPU
		{F7ED61F4-920C-49EB-8DC1-74B2BE6AF272}.Release|Any CPU.Build.0 = Release|Any CPU
		{F7ED61F4-920C-49EB-8DC1-74B2BE6AF272}.Release|x64.ActiveCfg = Release|Any CPU
		{F7ED61F4-920C-49EB-8DC1-74B2BE6AF272}.Release|x64.Build.0 = Release|Any CPU
		{F7ED61F4-920C-49EB-8DC1-74B2BE6AF272}.Release|x86.ActiveCfg = Release|Any CPU
		{F7ED61F4-920C-49EB-8DC1-74B2BE6AF272}.Release|x86.Build.0 = Release|Any CPU
		{A59E3B6A-4051-45F8-BF80-226524893789}.Debug|Any CPU.ActiveCfg = Debug|Any CPU
		{A59E3B6A-4051-45F8-BF80-226524893789}.Debug|Any CPU.Build.0 = Debug|Any CPU
		{A59E3B6A-4051-45F8-BF80-226524893789}.Debug|x64.ActiveCfg = Debug|Any CPU
		{A59E3B6A-4051-45F8-BF80-226524893789}.Debug|x64.Build.0 = Debug|Any CPU
		{A59E3B6A-4051-45F8-BF80-226524893789}.Debug|x86.ActiveCfg = Debug|Any CPU
		{A59E3B6A-4051-45F8-BF80-226524893789}.Debug|x86.Build.0 = Debug|Any CPU
		{A59E3B6A-4051-45F8-BF80-226524893789}.Release|Any CPU.ActiveCfg = Release|Any CPU
		{A59E3B6A-4051-45F8-BF80-226524893789}.Release|Any CPU.Build.0 = Release|Any CPU
		{A59E3B6A-4051-45F8-BF80-226524893789}.Release|x64.ActiveCfg = Release|Any CPU
		{A59E3B6A-4051-45F8-BF80-226524893789}.Release|x64.Build.0 = Release|Any CPU
		{A59E3B6A-4051-45F8-BF80-226524893789}.Release|x86.ActiveCfg = Release|Any CPU
		{A59E3B6A-4051-45F8-BF80-226524893789}.Release|x86.Build.0 = Release|Any CPU
	EndGlobalSection
	GlobalSection(SolutionProperties) = preSolution
		HideSolutionNode = FALSE
	EndGlobalSection
	GlobalSection(NestedProjects) = preSolution
		{F7ED61F4-920C-49EB-8DC1-74B2BE6AF272} = {5D196596-756D-45C2-8A05-C8E4AB8A36E6}
		{A59E3B6A-4051-45F8-BF80-226524893789} = {5D196596-756D-45C2-8A05-C8E4AB8A36E6}
	EndGlobalSection
	GlobalSection(ExtensibilityGlobals) = postSolution
		SolutionGuid = {5E3E8ED9-11D5-4856-B52C-9C17F2B7BF2E}
	EndGlobalSection
EndGlobal
